
Microsoft Visual Studio Solution File, Format Version 11.00
# Visual Studio 2010
Project("{FAE04EC0-301F-11D3-BF4B-00C04F79EFBC}") = "Sc2TvChatMsgTest", "Sc2TvChatMsgTest\Sc2TvChatMsgTest.csproj", "{C36D687D-84CE-4A2B-AD30-EB4E60F89BAD}"
EndProject
Global
	GlobalSection(SolutionConfigurationPlatforms) = preSolution
		Debug|x86 = Debug|x86
		Release|x86 = Release|x86
	EndGlobalSection
	GlobalSection(ProjectConfigurationPlatforms) = postSolution
		{C36D687D-84CE-4A2B-AD30-EB4E60F89BAD}.Debug|x86.ActiveCfg = Debug|x86
		{C36D687D-84CE-4A2B-AD30-EB4E60F89BAD}.Debug|x86.Build.0 = Debug|x86
		{C36D687D-84CE-4A2B-AD30-EB4E60F89BAD}.Release|x86.ActiveCfg = Release|x86
		{C36D687D-84CE-4A2B-AD30-EB4E60F89BAD}.Release|x86.Build.0 = Release|x86
	EndGlobalSection
	GlobalSection(SolutionProperties) = preSolution
		HideSolutionNode = FALSE
	EndGlobalSection
EndGlobal
